
Microsoft Visual Studio Solution File, Format Version 12.00
# Visual Studio Version 17
VisualStudioVersion = 17.10.35013.160
MinimumVisualStudioVersion = 10.0.40219.1
Project("{9A19103F-16F7-4668-BE54-9A1E7A4F7556}") = "BulkyWeb", "BulkyWeb\BulkyWeb.csproj", "{4A7075CC-2D45-475C-8718-5927974C3566}"
EndProject
Project("{FAE04EC0-301F-11D3-BF4B-00C04F79EFBC}") = "Razer_Page", "Razer_Page\Razer_Page.csproj", "{3771DBF0-AB2A-455D-B121-C9FEEA96BDFC}"
EndProject
Global
	GlobalSection(SolutionConfigurationPlatforms) = preSolution
		Debug|Any CPU = Debug|Any CPU
		Release|Any CPU = Release|Any CPU
	EndGlobalSection
	GlobalSection(ProjectConfigurationPlatforms) = postSolution
		{4A7075CC-2D45-475C-8718-5927974C3566}.Debug|Any CPU.ActiveCfg = Debug|Any CPU
		{4A7075CC-2D45-475C-8718-5927974C3566}.Debug|Any CPU.Build.0 = Debug|Any CPU
		{4A7075CC-2D45-475C-8718-5927974C3566}.Release|Any CPU.ActiveCfg = Release|Any CPU
		{4A7075CC-2D45-475C-8718-5927974C3566}.Release|Any CPU.Build.0 = Release|Any CPU
		{3771DBF0-AB2A-455D-B121-C9FEEA96BDFC}.Debug|Any CPU.ActiveCfg = Debug|Any CPU
		{3771DBF0-AB2A-455D-B121-C9FEEA96BDFC}.Debug|Any CPU.Build.0 = Debug|Any CPU
		{3771DBF0-AB2A-455D-B121-C9FEEA96BDFC}.Release|Any CPU.ActiveCfg = Release|Any CPU
		{3771DBF0-AB2A-455D-B121-C9FEEA96BDFC}.Release|Any CPU.Build.0 = Release|Any CPU
	EndGlobalSection
	GlobalSection(SolutionProperties) = preSolution
		HideSolutionNode = FALSE
	EndGlobalSection
	GlobalSection(ExtensibilityGlobals) = postSolution
		SolutionGuid = {95EDB504-975E-43B7-9725-6CB984A452DA}
	EndGlobalSection
EndGlobal
